
Microsoft Visual Studio Solution File, Format Version 12.00
# Visual Studio Version 17
VisualStudioVersion = 17.0.32112.339
MinimumVisualStudioVersion = 10.0.40219.1
Project("{8BC9CEB8-8B4A-11D0-8D11-00A0C91BC942}") = "Vectorization", "Vectorization\Vectorization.vcxproj", "{A26C3200-C961-4A77-A6F9-E0ADA4BF698D}"
EndProject
Global
	GlobalSection(SolutionConfigurationPlatforms) = preSolution
		Debug|x64 = Debug|x64
		Debug|x86 = Debug|x86
		Release|x64 = Release|x64
		Release|x86 = Release|x86
	EndGlobalSection
	GlobalSection(ProjectConfigurationPlatforms) = postSolution
		{A26C3200-C961-4A77-A6F9-E0ADA4BF698D}.Debug|x64.ActiveCfg = Debug|x64
		{A26C3200-C961-4A77-A6F9-E0ADA4BF698D}.Debug|x64.Build.0 = Debug|x64
		{A26C3200-C961-4A77-A6F9-E0ADA4BF698D}.Debug|x86.ActiveCfg = Debug|Win32
		{A26C3200-C961-4A77-A6F9-E0ADA4BF698D}.Debug|x86.Build.0 = Debug|Win32
		{A26C3200-C961-4A77-A6F9-E0ADA4BF698D}.Release|x64.ActiveCfg = Release|x64
		{A26C3200-C961-4A77-A6F9-E0ADA4BF698D}.Release|x64.Build.0 = Release|x64
		{A26C3200-C961-4A77-A6F9-E0ADA4BF698D}.Release|x86.ActiveCfg = Release|Win32
		{A26C3200-C961-4A77-A6F9-E0ADA4BF698D}.Release|x86.Build.0 = Release|Win32
	EndGlobalSection
	GlobalSection(SolutionProperties) = preSolution
		HideSolutionNode = FALSE
	EndGlobalSection
	GlobalSection(ExtensibilityGlobals) = postSolution
		SolutionGuid = {A7471B49-BDC4-4A3E-9A50-974FCBAEAF90}
	EndGlobalSection
EndGlobal
